{
  "name": "@hazae41/saumon",
  "version": "1.0.3",
  "lockfileVersion": 2,
  "requires": true,
  "packages": {
    "": {
      "name": "@hazae41/saumon",
      "version": "1.0.3",
      "license": "MIT",
      "dependencies": {
        "@hazae41/jsonrpc": "^1.1.11"
      },
      "bin": {
        "saumon": "out/mod.js"
      },
      "devDependencies": {
        "@hazae41/tscousin": "^1.0.28",
        "@types/node": "^25.0.3",
        "deno": "^2.6.3",
        "typescript": "^5.9.3"
      }
    },
    "node_modules/@deno/darwin-arm64": {
      "version": "2.6.3",
      "resolved": "https://registry.npmjs.org/@deno/darwin-arm64/-/darwin-arm64-2.6.3.tgz",
      "integrity": "sha512-HnmC8MR1ZN8nT7f74GpTHsjK2cH1nmTvAt3fqwuw8Vu7BNYJzk5C9Ba1d3y62Du4PtC8b8zhtGFuHeKyg8Xw3g==",
      "cpu": [
        "arm64"
      ],
      "dev": true,
      "license": "MIT",
      "optional": true,
      "os": [
        "darwin"
      ]
    },
    "node_modules/@deno/darwin-x64": {
      "version": "2.6.3",
      "resolved": "https://registry.npmjs.org/@deno/darwin-x64/-/darwin-x64-2.6.3.tgz",
      "integrity": "sha512-vdtekIcP9H6gPE8+q4Rtbfvva66mC71Kf6ZMzxbhaThGYwrfhQUmw5lYafrxK64A1jdMpUN1QKuNveqMbj/PQQ==",
      "cpu": [
        "x64"
      ],
      "dev": true,
      "license": "MIT",
      "optional": true,
      "os": [
        "darwin"
      ]
    },
    "node_modules/@deno/linux-arm64-glibc": {
      "version": "2.6.3",
      "resolved": "https://registry.npmjs.org/@deno/linux-arm64-glibc/-/linux-arm64-glibc-2.6.3.tgz",
      "integrity": "sha512-2H8s7GJOVEe8PDpL36ajwF5ev/g9nTa1w+JaBqhYsxt5bO6j2lLkzB3HTn4fGwoXVK6BX8TTo2iCymlmLfVWXg==",
      "cpu": [
        "arm64"
      ],
      "dev": true,
      "license": "MIT",
      "optional": true,
      "os": [
        "linux"
      ]
    },
    "node_modules/@deno/linux-x64-glibc": {
      "version": "2.6.3",
      "resolved": "https://registry.npmjs.org/@deno/linux-x64-glibc/-/linux-x64-glibc-2.6.3.tgz",
      "integrity": "sha512-pL+HFzKRMf1IOubB2Ikd/MY2xFQ+/UEh6BSgzf3zQGuIo0mkzAfs6V0pMi3KU6bNHsdqoKLto9S2gZoY2JfjVg==",
      "cpu": [
        "x64"
      ],
      "dev": true,
      "license": "MIT",
      "optional": true,
      "os": [
        "linux"
      ]
    },
    "node_modules/@deno/win32-arm64": {
      "version": "2.6.3",
      "resolved": "https://registry.npmjs.org/@deno/win32-arm64/-/win32-arm64-2.6.3.tgz",
      "integrity": "sha512-pKzxQjbdpXHzONvrPj2rsccP45z11R7JIznYzzcCdAHCAAtttB6448m6Y8iYHbFPO8zB8HeYK9McPRCPxCTqKg==",
      "cpu": [
        "arm64"
      ],
      "dev": true,
      "license": "MIT",
      "optional": true,
      "os": [
        "win32"
      ]
    },
    "node_modules/@deno/win32-x64": {
      "version": "2.6.3",
      "resolved": "https://registry.npmjs.org/@deno/win32-x64/-/win32-x64-2.6.3.tgz",
      "integrity": "sha512-zTyL9qn3KZx5EUPnYFl2BzUhErtzWSvyzZcHzTOGYR7P39vLtWE0YlCeNIutGZmyomwAIvK+98KV4YMB7kggmw==",
      "cpu": [
        "x64"
      ],
      "dev": true,
      "license": "MIT",
      "optional": true,
      "os": [
        "win32"
      ]
    },
    "node_modules/@hazae41/jsonrpc": {
      "version": "1.1.11",
      "resolved": "https://registry.npmjs.org/@hazae41/jsonrpc/-/jsonrpc-1.1.11.tgz",
      "integrity": "sha512-hIOKQXO87bu9u2H4epWAl5jLSq0sPOkVUcwrC/pZHGOlOBPKe6oykldwuj0Kg4Qu+C3M3Z1eJfQv/Ly/vyx28Q==",
      "license": "MIT",
      "dependencies": {
        "@hazae41/result-and-option": "^2.0.10"
      }
    },
    "node_modules/@hazae41/result-and-option": {
      "version": "2.0.10",
      "resolved": "https://registry.npmjs.org/@hazae41/result-and-option/-/result-and-option-2.0.10.tgz",
      "integrity": "sha512-Msf15N4OBCSsAxdonghJmbwERQqgc0ZWVPi1yE+oI8maC1FBFacQrym+xNF+lnXXgaTheLAUnx3B8yCA5Z1EWw=="
    },
    "node_modules/@hazae41/tscousin": {
      "version": "1.0.28",
      "resolved": "https://registry.npmjs.org/@hazae41/tscousin/-/tscousin-1.0.28.tgz",
      "integrity": "sha512-Wrg/66m0hLexrifpzJ5a/D7Jzb7FhLzBWrCFAgjZa+DIU8prA5rX4MwD5K34UZ6jsYBRZsYwNeVEYRqOIJHOEQ==",
      "dev": true,
      "bin": {
        "tscousin": "out/bin.js"
      }
    },
    "node_modules/@types/node": {
      "version": "25.0.3",
      "resolved": "https://registry.npmjs.org/@types/node/-/node-25.0.3.tgz",
      "integrity": "sha512-W609buLVRVmeW693xKfzHeIV6nJGGz98uCPfeXI1ELMLXVeKYZ9m15fAMSaUPBHYLGFsVRcMmSCksQOrZV9BYA==",
      "dev": true,
      "license": "MIT",
      "dependencies": {
        "undici-types": "~7.16.0"
      }
    },
    "node_modules/deno": {
      "version": "2.6.3",
      "resolved": "https://registry.npmjs.org/deno/-/deno-2.6.3.tgz",
      "integrity": "sha512-5fNkOLa7wagUFgQaF6WEu5zJuxIdIogn7IvuYvjVaA2CHrW117p5l7Y6GS0ZYvBJZgeugf/l0VCWQ7TpYGcMPQ==",
      "dev": true,
      "hasInstallScript": true,
      "license": "MIT",
      "bin": {
        "deno": "bin.cjs"
      },
      "optionalDependencies": {
        "@deno/darwin-arm64": "2.6.3",
        "@deno/darwin-x64": "2.6.3",
        "@deno/linux-arm64-glibc": "2.6.3",
        "@deno/linux-x64-glibc": "2.6.3",
        "@deno/win32-arm64": "2.6.3",
        "@deno/win32-x64": "2.6.3"
      }
    },
    "node_modules/typescript": {
      "version": "5.9.3",
      "resolved": "https://registry.npmjs.org/typescript/-/typescript-5.9.3.tgz",
      "integrity": "sha512-jl1vZzPDinLr9eUt3J/t7V6FgNEw9QjvBPdysz9KfQDD41fQrC2Y4vKQdiaUpFT4bXlb1RHhLpp8wtm6M5TgSw==",
      "dev": true,
      "license": "Apache-2.0",
      "bin": {
        "tsc": "bin/tsc",
        "tsserver": "bin/tsserver"
      },
      "engines": {
        "node": ">=14.17"
      }
    },
    "node_modules/undici-types": {
      "version": "7.16.0",
      "resolved": "https://registry.npmjs.org/undici-types/-/undici-types-7.16.0.tgz",
      "integrity": "sha512-Zz+aZWSj8LE6zoxD+xrjh4VfkIG8Ya6LvYkZqtUQGJPZjYl53ypCaUwWqo7eI0x66KBGeRo+mlBEkMSeSZ38Nw==",
      "dev": true,
      "license": "MIT"
    }
  },
  "dependencies": {
    "@deno/darwin-arm64": {
      "version": "2.6.3",
      "resolved": "https://registry.npmjs.org/@deno/darwin-arm64/-/darwin-arm64-2.6.3.tgz",
      "integrity": "sha512-HnmC8MR1ZN8nT7f74GpTHsjK2cH1nmTvAt3fqwuw8Vu7BNYJzk5C9Ba1d3y62Du4PtC8b8zhtGFuHeKyg8Xw3g==",
      "dev": true,
      "optional": true
    },
    "@deno/darwin-x64": {
      "version": "2.6.3",
      "resolved": "https://registry.npmjs.org/@deno/darwin-x64/-/darwin-x64-2.6.3.tgz",
      "integrity": "sha512-vdtekIcP9H6gPE8+q4Rtbfvva66mC71Kf6ZMzxbhaThGYwrfhQUmw5lYafrxK64A1jdMpUN1QKuNveqMbj/PQQ==",
      "dev": true,
      "optional": true
    },
    "@deno/linux-arm64-glibc": {
      "version": "2.6.3",
      "resolved": "https://registry.npmjs.org/@deno/linux-arm64-glibc/-/linux-arm64-glibc-2.6.3.tgz",
      "integrity": "sha512-2H8s7GJOVEe8PDpL36ajwF5ev/g9nTa1w+JaBqhYsxt5bO6j2lLkzB3HTn4fGwoXVK6BX8TTo2iCymlmLfVWXg==",
      "dev": true,
      "optional": true
    },
    "@deno/linux-x64-glibc": {
      "version": "2.6.3",
      "resolved": "https://registry.npmjs.org/@deno/linux-x64-glibc/-/linux-x64-glibc-2.6.3.tgz",
      "integrity": "sha512-pL+HFzKRMf1IOubB2Ikd/MY2xFQ+/UEh6BSgzf3zQGuIo0mkzAfs6V0pMi3KU6bNHsdqoKLto9S2gZoY2JfjVg==",
      "dev": true,
      "optional": true
    },
    "@deno/win32-arm64": {
      "version": "2.6.3",
      "resolved": "https://registry.npmjs.org/@deno/win32-arm64/-/win32-arm64-2.6.3.tgz",
      "integrity": "sha512-pKzxQjbdpXHzONvrPj2rsccP45z11R7JIznYzzcCdAHCAAtttB6448m6Y8iYHbFPO8zB8HeYK9McPRCPxCTqKg==",
      "dev": true,
      "optional": true
    },
    "@deno/win32-x64": {
      "version": "2.6.3",
      "resolved": "https://registry.npmjs.org/@deno/win32-x64/-/win32-x64-2.6.3.tgz",
      "integrity": "sha512-zTyL9qn3KZx5EUPnYFl2BzUhErtzWSvyzZcHzTOGYR7P39vLtWE0YlCeNIutGZmyomwAIvK+98KV4YMB7kggmw==",
      "dev": true,
      "optional": true
    },
    "@hazae41/jsonrpc": {
      "version": "1.1.11",
      "resolved": "https://registry.npmjs.org/@hazae41/jsonrpc/-/jsonrpc-1.1.11.tgz",
      "integrity": "sha512-hIOKQXO87bu9u2H4epWAl5jLSq0sPOkVUcwrC/pZHGOlOBPKe6oykldwuj0Kg4Qu+C3M3Z1eJfQv/Ly/vyx28Q==",
      "requires": {
        "@hazae41/result-and-option": "^2.0.10"
      }
    },
    "@hazae41/result-and-option": {
      "version": "2.0.10",
      "resolved": "https://registry.npmjs.org/@hazae41/result-and-option/-/result-and-option-2.0.10.tgz",
      "integrity": "sha512-Msf15N4OBCSsAxdonghJmbwERQqgc0ZWVPi1yE+oI8maC1FBFacQrym+xNF+lnXXgaTheLAUnx3B8yCA5Z1EWw=="
    },
    "@hazae41/tscousin": {
      "version": "1.0.28",
      "resolved": "https://registry.npmjs.org/@hazae41/tscousin/-/tscousin-1.0.28.tgz",
      "integrity": "sha512-Wrg/66m0hLexrifpzJ5a/D7Jzb7FhLzBWrCFAgjZa+DIU8prA5rX4MwD5K34UZ6jsYBRZsYwNeVEYRqOIJHOEQ==",
      "dev": true
    },
    "@types/node": {
      "version": "25.0.3",
      "resolved": "https://registry.npmjs.org/@types/node/-/node-25.0.3.tgz",
      "integrity": "sha512-W609buLVRVmeW693xKfzHeIV6nJGGz98uCPfeXI1ELMLXVeKYZ9m15fAMSaUPBHYLGFsVRcMmSCksQOrZV9BYA==",
      "dev": true,
      "requires": {
        "undici-types": "~7.16.0"
      }
    },
    "deno": {
      "version": "2.6.3",
      "resolved": "https://registry.npmjs.org/deno/-/deno-2.6.3.tgz",
      "integrity": "sha512-5fNkOLa7wagUFgQaF6WEu5zJuxIdIogn7IvuYvjVaA2CHrW117p5l7Y6GS0ZYvBJZgeugf/l0VCWQ7TpYGcMPQ==",
      "dev": true,
      "requires": {
        "@deno/darwin-arm64": "2.6.3",
        "@deno/darwin-x64": "2.6.3",
        "@deno/linux-arm64-glibc": "2.6.3",
        "@deno/linux-x64-glibc": "2.6.3",
        "@deno/win32-arm64": "2.6.3",
        "@deno/win32-x64": "2.6.3"
      }
    },
    "typescript": {
      "version": "5.9.3",
      "resolved": "https://registry.npmjs.org/typescript/-/typescript-5.9.3.tgz",
      "integrity": "sha512-jl1vZzPDinLr9eUt3J/t7V6FgNEw9QjvBPdysz9KfQDD41fQrC2Y4vKQdiaUpFT4bXlb1RHhLpp8wtm6M5TgSw==",
      "dev": true
    },
    "undici-types": {
      "version": "7.16.0",
      "resolved": "https://registry.npmjs.org/undici-types/-/undici-types-7.16.0.tgz",
      "integrity": "sha512-Zz+aZWSj8LE6zoxD+xrjh4VfkIG8Ya6LvYkZqtUQGJPZjYl53ypCaUwWqo7eI0x66KBGeRo+mlBEkMSeSZ38Nw==",
      "dev": true
    }
  }
}
